// !$*UTF8*$!
{
	archiveVersion = 1;
	classes = {
	};
	objectVersion = 55;
	objects = {

/* Begin PBXBuildFile section */
		3C16312027DDB866007C550C /* DependencyInjectionDemoTests.swift in Sources */ = {isa = PBXBuildFile; fileRef = 3C16311F27DDB866007C550C /* DependencyInjectionDemoTests.swift */; };
		3CAFEF6927D9E000006E74E9 /* AppDelegate.swift in Sources */ = {isa = PBXBuildFile; fileRef = 3CAFEF6827D9E000006E74E9 /* AppDelegate.swift */; };
		3CAFEF6B27D9E000006E74E9 /* SceneDelegate.swift in Sources */ = {isa = PBXBuildFile; fileRef = 3CAFEF6A27D9E000006E74E9 /* SceneDelegate.swift */; };
		3CAFEF6D27D9E000006E74E9 /* ReposViewController.swift in Sources */ = {isa = PBXBuildFile; fileRef = 3CAFEF6C27D9E000006E74E9 /* ReposViewController.swift */; };
		3CAFEF7227D9E001006E74E9 /* Assets.xcassets in Resources */ = {isa = PBXBuildFile; fileRef = 3CAFEF7127D9E001006E74E9 /* Assets.xcassets */; };
		3CAFEF7527D9E001006E74E9 /* LaunchScreen.storyboard in Resources */ = {isa = PBXBuildFile; fileRef = 3CAFEF7327D9E001006E74E9 /* LaunchScreen.storyboard */; };
		3CAFEF8A27D9E001006E74E9 /* DependencyInjectionDemoUITests.swift in Sources */ = {isa = PBXBuildFile; fileRef = 3CAFEF8927D9E001006E74E9 /* DependencyInjectionDemoUITests.swift */; };
		3CAFEF8C27D9E001006E74E9 /* DependencyInjectionDemoUITestsLaunchTests.swift in Sources */ = {isa = PBXBuildFile; fileRef = 3CAFEF8B27D9E001006E74E9 /* DependencyInjectionDemoUITestsLaunchTests.swift */; };
		3CAFEF9E27D9E0F8006E74E9 /* GitHub.swift in Sources */ = {isa = PBXBuildFile; fileRef = 3CAFEF9D27D9E0F8006E74E9 /* GitHub.swift */; };
		3CAFEFA127D9E141006E74E9 /* Analytics.swift in Sources */ = {isa = PBXBuildFile; fileRef = 3CAFEFA027D9E141006E74E9 /* Analytics.swift */; };
		3CAFEFA827D9EB2C006E74E9 /* ReposViewModel.swift in Sources */ = {isa = PBXBuildFile; fileRef = 3CAFEFA727D9EB2C006E74E9 /* ReposViewModel.swift */; };
/* End PBXBuildFile section */

/* Begin PBXContainerItemProxy section */
		3CAFEF7C27D9E001006E74E9 /* PBXContainerItemProxy */ = {
			isa = PBXContainerItemProxy;
			containerPortal = 3CAFEF5D27D9E000006E74E9 /* Project object */;
			proxyType = 1;
			remoteGlobalIDString = 3CAFEF6427D9E000006E74E9;
			remoteInfo = DependencyInjectionDemo;
		};
		3CAFEF8627D9E001006E74E9 /* PBXContainerItemProxy */ = {
			isa = PBXContainerItemProxy;
			containerPortal = 3CAFEF5D27D9E000006E74E9 /* Project object */;
			proxyType = 1;
			remoteGlobalIDString = 3CAFEF6427D9E000006E74E9;
			remoteInfo = DependencyInjectionDemo;
		};
/* End PBXContainerItemProxy section */

/* Begin PBXFileReference section */
		3C16311F27DDB866007C550C /* DependencyInjectionDemoTests.swift */ = {isa = PBXFileReference; fileEncoding = 4; lastKnownFileType = sourcecode.swift; path = DependencyInjectionDemoTests.swift; sourceTree = "<group>"; };
		3CAFEF6527D9E000006E74E9 /* DependencyInjectionDemo.app */ = {isa = PBXFileReference; explicitFileType = wrapper.application; includeInIndex = 0; path = DependencyInjectionDemo.app; sourceTree = BUILT_PRODUCTS_DIR; };
		3CAFEF6827D9E000006E74E9 /* AppDelegate.swift */ = {isa = PBXFileReference; lastKnownFileType = sourcecode.swift; path = AppDelegate.swift; sourceTree = "<group>"; };
		3CAFEF6A27D9E000006E74E9 /* SceneDelegate.swift */ = {isa = PBXFileReference; lastKnownFileType = sourcecode.swift; path = SceneDelegate.swift; sourceTree = "<group>"; };
		3CAFEF6C27D9E000006E74E9 /* ReposViewController.swift */ = {isa = PBXFileReference; lastKnownFileType = sourcecode.swift; path = ReposViewController.swift; sourceTree = "<group>"; };
		3CAFEF7127D9E001006E74E9 /* Assets.xcassets */ = {isa = PBXFileReference; lastKnownFileType = folder.assetcatalog; path = Assets.xcassets; sourceTree = "<group>"; };
		3CAFEF7427D9E001006E74E9 /* Base */ = {isa = PBXFileReference; lastKnownFileType = file.storyboard; name = Base; path = Base.lproj/LaunchScreen.storyboard; sourceTree = "<group>"; };
		3CAFEF7627D9E001006E74E9 /* Info.plist */ = {isa = PBXFileReference; lastKnownFileType = text.plist.xml; path = Info.plist; sourceTree = "<group>"; };
		3CAFEF7B27D9E001006E74E9 /* DependencyInjectionDemoTests.xctest */ = {isa = PBXFileReference; explicitFileType = wrapper.cfbundle; includeInIndex = 0; path = DependencyInjectionDemoTests.xctest; sourceTree = BUILT_PRODUCTS_DIR; };
		3CAFEF8527D9E001006E74E9 /* DependencyInjectionDemoUITests.xctest */ = {isa = PBXFileReference; explicitFileType = wrapper.cfbundle; includeInIndex = 0; path = DependencyInjectionDemoUITests.xctest; sourceTree = BUILT_PRODUCTS_DIR; };
		3CAFEF8927D9E001006E74E9 /* DependencyInjectionDemoUITests.swift */ = {isa = PBXFileReference; lastKnownFileType = sourcecode.swift; path = DependencyInjectionDemoUITests.swift; sourceTree = "<group>"; };
		3CAFEF8B27D9E001006E74E9 /* DependencyInjectionDemoUITestsLaunchTests.swift */ = {isa = PBXFileReference; lastKnownFileType = sourcecode.swift; path = DependencyInjectionDemoUITestsLaunchTests.swift; sourceTree = "<group>"; };
		3CAFEF9D27D9E0F8006E74E9 /* GitHub.swift */ = {isa = PBXFileReference; lastKnownFileType = sourcecode.swift; path = GitHub.swift; sourceTree = "<group>"; };
		3CAFEFA027D9E141006E74E9 /* Analytics.swift */ = {isa = PBXFileReference; lastKnownFileType = sourcecode.swift; path = Analytics.swift; sourceTree = "<group>"; };
		3CAFEFA727D9EB2C006E74E9 /* ReposViewModel.swift */ = {isa = PBXFileReference; lastKnownFileType = sourcecode.swift; path = ReposViewModel.swift; sourceTree = "<group>"; };
/* End PBXFileReference section */

/* Begin PBXFrameworksBuildPhase section */
		3CAFEF6227D9E000006E74E9 /* Frameworks */ = {
			isa = PBXFrameworksBuildPhase;
			buildActionMask = 2147483647;
			files = (
			);
			runOnlyForDeploymentPostprocessing = 0;
		};
		3CAFEF7827D9E001006E74E9 /* Frameworks */ = {
			isa = PBXFrameworksBuildPhase;
			buildActionMask = 2147483647;
			files = (
			);
			runOnlyForDeploymentPostprocessing = 0;
		};
		3CAFEF8227D9E001006E74E9 /* Frameworks */ = {
			isa = PBXFrameworksBuildPhase;
			buildActionMask = 2147483647;
			files = (
			);
			runOnlyForDeploymentPostprocessing = 0;
		};
/* End PBXFrameworksBuildPhase section */

/* Begin PBXGroup section */
		3CAFEF5C27D9E000006E74E9 = {
			isa = PBXGroup;
			children = (
				3CAFEF6727D9E000006E74E9 /* DependencyInjectionDemo */,
				3CAFEF7E27D9E001006E74E9 /* DependencyInjectionDemoTests */,
				3CAFEF8827D9E001006E74E9 /* DependencyInjectionDemoUITests */,
				3CAFEF6627D9E000006E74E9 /* Products */,
			);
			sourceTree = "<group>";
		};
		3CAFEF6627D9E000006E74E9 /* Products */ = {
			isa = PBXGroup;
			children = (
				3CAFEF6527D9E000006E74E9 /* DependencyInjectionDemo.app */,
				3CAFEF7B27D9E001006E74E9 /* DependencyInjectionDemoTests.xctest */,
				3CAFEF8527D9E001006E74E9 /* DependencyInjectionDemoUITests.xctest */,
			);
			name = Products;
			sourceTree = "<group>";
		};
		3CAFEF6727D9E000006E74E9 /* DependencyInjectionDemo */ = {
			isa = PBXGroup;
			children = (
				3CAFEF9827D9E053006E74E9 /* Features */,
				3CAFEF9927D9E05A006E74E9 /* Infrastructure */,
				3CAFEF9A27D9E075006E74E9 /* Resources */,
			);
			path = DependencyInjectionDemo;
			sourceTree = "<group>";
		};
		3CAFEF7E27D9E001006E74E9 /* DependencyInjectionDemoTests */ = {
			isa = PBXGroup;
			children = (
				3C16311F27DDB866007C550C /* DependencyInjectionDemoTests.swift */,
			);
			path = DependencyInjectionDemoTests;
			sourceTree = "<group>";
		};
		3CAFEF8827D9E001006E74E9 /* DependencyInjectionDemoUITests */ = {
			isa = PBXGroup;
			children = (
				3CAFEF8927D9E001006E74E9 /* DependencyInjectionDemoUITests.swift */,
				3CAFEF8B27D9E001006E74E9 /* DependencyInjectionDemoUITestsLaunchTests.swift */,
			);
			path = DependencyInjectionDemoUITests;
			sourceTree = "<group>";
		};
		3CAFEF9827D9E053006E74E9 /* Features */ = {
			isa = PBXGroup;
			children = (
				3CAFEF6C27D9E000006E74E9 /* ReposViewController.swift */,
				3CAFEFA727D9EB2C006E74E9 /* ReposViewModel.swift */,
			);
			path = Features;
			sourceTree = "<group>";
		};
		3CAFEF9927D9E05A006E74E9 /* Infrastructure */ = {
			isa = PBXGroup;
			children = (
				3CAFEF9F27D9E131006E74E9 /* Log */,
				3CAFEF9C27D9E0E8006E74E9 /* Networking */,
				3CAFEF9B27D9E0DA006E74E9 /* AppDelegate */,
			);
			path = Infrastructure;
			sourceTree = "<group>";
		};
		3CAFEF9A27D9E075006E74E9 /* Resources */ = {
			isa = PBXGroup;
			children = (
				3CAFEF7127D9E001006E74E9 /* Assets.xcassets */,
				3CAFEF7327D9E001006E74E9 /* LaunchScreen.storyboard */,
				3CAFEF7627D9E001006E74E9 /* Info.plist */,
			);
			path = Resources;
			sourceTree = "<group>";
		};
		3CAFEF9B27D9E0DA006E74E9 /* AppDelegate */ = {
			isa = PBXGroup;
			children = (
				3CAFEF6827D9E000006E74E9 /* AppDelegate.swift */,
				3CAFEF6A27D9E000006E74E9 /* SceneDelegate.swift */,
			);
			path = AppDelegate;
			sourceTree = "<group>";
		};
		3CAFEF9C27D9E0E8006E74E9 /* Networking */ = {
			isa = PBXGroup;
			children = (
				3CAFEF9D27D9E0F8006E74E9 /* GitHub.swift */,
			);
			path = Networking;
			sourceTree = "<group>";
		};
		3CAFEF9F27D9E131006E74E9 /* Log */ = {
			isa = PBXGroup;
			children = (
				3CAFEFA027D9E141006E74E9 /* Analytics.swift */,
			);
			path = Log;
			sourceTree = "<group>";
		};
/* End PBXGroup section */

/* Begin PBXNativeTarget section */
		3CAFEF6427D9E000006E74E9 /* DependencyInjectionDemo */ = {
			isa = PBXNativeTarget;
			buildConfigurationList = 3CAFEF8F27D9E001006E74E9 /* Build configuration list for PBXNativeTarget "DependencyInjectionDemo" */;
			buildPhases = (
				3CAFEF6127D9E000006E74E9 /* Sources */,
				3CAFEF6227D9E000006E74E9 /* Frameworks */,
				3CAFEF6327D9E000006E74E9 /* Resources */,
			);
			buildRules = (
			);
			dependencies = (
			);
			name = DependencyInjectionDemo;
			productName = DependencyInjectionDemo;
			productReference = 3CAFEF6527D9E000006E74E9 /* DependencyInjectionDemo.app */;
			productType = "com.apple.product-type.application";
		};
		3CAFEF7A27D9E001006E74E9 /* DependencyInjectionDemoTests */ = {
			isa = PBXNativeTarget;
			buildConfigurationList = 3CAFEF9227D9E001006E74E9 /* Build configuration list for PBXNativeTarget "DependencyInjectionDemoTests" */;
			buildPhases = (
				3CAFEF7727D9E001006E74E9 /* Sources */,
				3CAFEF7827D9E001006E74E9 /* Frameworks */,
				3CAFEF7927D9E001006E74E9 /* Resources */,
			);
			buildRules = (
			);
			dependencies = (
				3CAFEF7D27D9E001006E74E9 /* PBXTargetDependency */,
			);
			name = DependencyInjectionDemoTests;
			productName = DependencyInjectionDemoTests;
			productReference = 3CAFEF7B27D9E001006E74E9 /* DependencyInjectionDemoTests.xctest */;
			productType = "com.apple.product-type.bundle.unit-test";
		};
		3CAFEF8427D9E001006E74E9 /* DependencyInjectionDemoUITests */ = {
			isa = PBXNativeTarget;
			buildConfigurationList = 3CAFEF9527D9E001006E74E9 /* Build configuration list for PBXNativeTarget "DependencyInjectionDemoUITests" */;
			buildPhases = (
				3CAFEF8127D9E001006E74E9 /* Sources */,
				3CAFEF8227D9E001006E74E9 /* Frameworks */,
				3CAFEF8327D9E001006E74E9 /* Resources */,
			);
			buildRules = (
			);
			dependencies = (
				3CAFEF8727D9E001006E74E9 /* PBXTargetDependency */,
			);
			name = DependencyInjectionDemoUITests;
			productName = DependencyInjectionDemoUITests;
			productReference = 3CAFEF8527D9E001006E74E9 /* DependencyInjectionDemoUITests.xctest */;
			productType = "com.apple.product-type.bundle.ui-testing";
		};
/* End PBXNativeTarget section */

/* Begin PBXProject section */
		3CAFEF5D27D9E000006E74E9 /* Project object */ = {
			isa = PBXProject;
			attributes = {
				BuildIndependentTargetsInParallel = 1;
				LastSwiftUpdateCheck = 1300;
				LastUpgradeCheck = 1300;
				TargetAttributes = {
					3CAFEF6427D9E000006E74E9 = {
						CreatedOnToolsVersion = 13.0;
					};
					3CAFEF7A27D9E001006E74E9 = {
						CreatedOnToolsVersion = 13.0;
						TestTargetID = 3CAFEF6427D9E000006E74E9;
					};
					3CAFEF8427D9E001006E74E9 = {
						CreatedOnToolsVersion = 13.0;
						TestTargetID = 3CAFEF6427D9E000006E74E9;
					};
				};
			};
			buildConfigurationList = 3CAFEF6027D9E000006E74E9 /* Build configuration list for PBXProject "DependencyInjectionDemo" */;
			compatibilityVersion = "Xcode 13.0";
			developmentRegion = en;
			hasScannedForEncodings = 0;
			knownRegions = (
				en,
				Base,
			);
			mainGroup = 3CAFEF5C27D9E000006E74E9;
			productRefGroup = 3CAFEF6627D9E000006E74E9 /* Products */;
			projectDirPath = "";
			projectRoot = "";
			targets = (
				3CAFEF6427D9E000006E74E9 /* DependencyInjectionDemo */,
				3CAFEF7A27D9E001006E74E9 /* DependencyInjectionDemoTests */,
				3CAFEF8427D9E001006E74E9 /* DependencyInjectionDemoUITests */,
			);
		};
/* End PBXProject section */

/* Begin PBXResourcesBuildPhase section */
		3CAFEF6327D9E000006E74E9 /* Resources */ = {
			isa = PBXResourcesBuildPhase;
			buildActionMask = 2147483647;
			files = (
				3CAFEF7527D9E001006E74E9 /* LaunchScreen.storyboard in Resources */,
				3CAFEF7227D9E001006E74E9 /* Assets.xcassets in Resources */,
			);
			runOnlyForDeploymentPostprocessing = 0;
		};
		3CAFEF7927D9E001006E74E9 /* Resources */ = {
			isa = PBXResourcesBuildPhase;
			buildActionMask = 2147483647;
			files = (
			);
			runOnlyForDeploymentPostprocessing = 0;
		};
		3CAFEF8327D9E001006E74E9 /* Resources */ = {
			isa = PBXResourcesBuildPhase;
			buildActionMask = 2147483647;
			files = (
			);
			runOnlyForDeploymentPostprocessing = 0;
		};
/* End PBXResourcesBuildPhase section */

/* Begin PBXSourcesBuildPhase section */
		3CAFEF6127D9E000006E74E9 /* Sources */ = {
			isa = PBXSourcesBuildPhase;
			buildActionMask = 2147483647;
			files = (
				3CAFEF6D27D9E000006E74E9 /* ReposViewController.swift in Sources */,
				3CAFEF6927D9E000006E74E9 /* AppDelegate.swift in Sources */,
				3CAFEFA827D9EB2C006E74E9 /* ReposViewModel.swift in Sources */,
				3CAFEF9E27D9E0F8006E74E9 /* GitHub.swift in Sources */,
				3CAFEFA127D9E141006E74E9 /* Analytics.swift in Sources */,
				3CAFEF6B27D9E000006E74E9 /* SceneDelegate.swift in Sources */,
			);
			runOnlyForDeploymentPostprocessing = 0;
		};
		3CAFEF7727D9E001006E74E9 /* Sources */ = {
			isa = PBXSourcesBuildPhase;
			buildActionMask = 2147483647;
			files = (
				3C16312027DDB866007C550C /* DependencyInjectionDemoTests.swift in Sources */,
			);
			runOnlyForDeploymentPostprocessing = 0;
		};
		3CAFEF8127D9E001006E74E9 /* Sources */ = {
			isa = PBXSourcesBuildPhase;
			buildActionMask = 2147483647;
			files = (
				3CAFEF8C27D9E001006E74E9 /* DependencyInjectionDemoUITestsLaunchTests.swift in Sources */,
				3CAFEF8A27D9E001006E74E9 /* DependencyInjectionDemoUITests.swift in Sources */,
			);
			runOnlyForDeploymentPostprocessing = 0;
		};
/* End PBXSourcesBuildPhase section */

/* Begin PBXTargetDependency section */
		3CAFEF7D27D9E001006E74E9 /* PBXTargetDependency */ = {
			isa = PBXTargetDependency;
			target = 3CAFEF6427D9E000006E74E9 /* DependencyInjectionDemo */;
			targetProxy = 3CAFEF7C27D9E001006E74E9 /* PBXContainerItemProxy */;
		};
		3CAFEF8727D9E001006E74E9 /* PBXTargetDependency */ = {
			isa = PBXTargetDependency;
			target = 3CAFEF6427D9E000006E74E9 /* DependencyInjectionDemo */;
			targetProxy = 3CAFEF8627D9E001006E74E9 /* PBXContainerItemProxy */;
		};
/* End PBXTargetDependency section */

/* Begin PBXVariantGroup section */
		3CAFEF7327D9E001006E74E9 /* LaunchScreen.storyboard */ = {
			isa = PBXVariantGroup;
			children = (
				3CAFEF7427D9E001006E74E9 /* Base */,
			);
			name = LaunchScreen.storyboard;
			sourceTree = "<group>";
		};
/* End PBXVariantGroup section */

/* Begin XCBuildConfiguration section */
		3CAFEF8D27D9E001006E74E9 /* Debug */ = {
			isa = XCBuildConfiguration;
			buildSettings = {
				ALWAYS_SEARCH_USER_PATHS = NO;
				CLANG_ANALYZER_NONNULL = YES;
				CLANG_ANALYZER_NUMBER_OBJECT_CONVERSION = YES_AGGRESSIVE;
				CLANG_CXX_LANGUAGE_STANDARD = "gnu++17";
				CLANG_CXX_LIBRARY = "libc++";
				CLANG_ENABLE_MODULES = YES;
				CLANG_ENABLE_OBJC_ARC = YES;
				CLANG_ENABLE_OBJC_WEAK = YES;
				CLANG_WARN_BLOCK_CAPTURE_AUTORELEASING = YES;
				CLANG_WARN_BOOL_CONVERSION = YES;
				CLANG_WARN_COMMA = YES;
				CLANG_WARN_CONSTANT_CONVERSION = YES;
				CLANG_WARN_DEPRECATED_OBJC_IMPLEMENTATIONS = YES;
				CLANG_WARN_DIRECT_OBJC_ISA_USAGE = YES_ERROR;
				CLANG_WARN_DOCUMENTATION_COMMENTS = YES;
				CLANG_WARN_EMPTY_BODY = YES;
				CLANG_WARN_ENUM_CONVERSION = YES;
				CLANG_WARN_INFINITE_RECURSION = YES;
				CLANG_WARN_INT_CONVERSION = YES;
				CLANG_WARN_NON_LITERAL_NULL_CONVERSION = YES;
				CLANG_WARN_OBJC_IMPLICIT_RETAIN_SELF = YES;
				CLANG_WARN_OBJC_LITERAL_CONVERSION = YES;
				CLANG_WARN_OBJC_ROOT_CLASS = YES_ERROR;
				CLANG_WARN_QUOTED_INCLUDE_IN_FRAMEWORK_HEADER = YES;
				CLANG_WARN_RANGE_LOOP_ANALYSIS = YES;
				CLANG_WARN_STRICT_PROTOTYPES = YES;
				CLANG_WARN_SUSPICIOUS_MOVE = YES;
				CLANG_WARN_UNGUARDED_AVAILABILITY = YES_AGGRESSIVE;
				CLANG_WARN_UNREACHABLE_CODE = YES;
				CLANG_WARN__DUPLICATE_METHOD_MATCH = YES;
				COPY_PHASE_STRIP = NO;
				DEBUG_INFORMATION_FORMAT = dwarf;
				ENABLE_STRICT_OBJC_MSGSEND = YES;
				ENABLE_TESTABILITY = YES;
				GCC_C_LANGUAGE_STANDARD = gnu11;
				GCC_DYNAMIC_NO_PIC = NO;
				GCC_NO_COMMON_BLOCKS = YES;
				GCC_OPTIMIZATION_LEVEL = 0;
				GCC_PREPROCESSOR_DEFINITIONS = (
					"DEBUG=1",
					"$(inherited)",
				);
				GCC_WARN_64_TO_32_BIT_CONVERSION = YES;
				GCC_WARN_ABOUT_RETURN_TYPE = YES_ERROR;
				GCC_WARN_UNDECLARED_SELECTOR = YES;
				GCC_WARN_UNINITIALIZED_AUTOS = YES_AGGRESSIVE;
				GCC_WARN_UNUSED_FUNCTION = YES;
				GCC_WARN_UNUSED_VARIABLE = YES;
				IPHONEOS_DEPLOYMENT_TARGET = 15.0;
				MTL_ENABLE_DEBUG_INFO = INCLUDE_SOURCE;
				MTL_FAST_MATH = YES;
				ONLY_ACTIVE_ARCH = YES;
				SDKROOT = iphoneos;
				SWIFT_ACTIVE_COMPILATION_CONDITIONS = DEBUG;
				SWIFT_OPTIMIZATION_LEVEL = "-Onone";
			};
			name = Debug;
		};
		3CAFEF8E27D9E001006E74E9 /* Release */ = {
			isa = XCBuildConfiguration;
			buildSettings = {
				ALWAYS_SEARCH_USER_PATHS = NO;
				CLANG_ANALYZER_NONNULL = YES;
				CLANG_ANALYZER_NUMBER_OBJECT_CONVERSION = YES_AGGRESSIVE;
				CLANG_CXX_LANGUAGE_STANDARD = "gnu++17";
				CLANG_CXX_LIBRARY = "libc++";
				CLANG_ENABLE_MODULES = YES;
				CLANG_ENABLE_OBJC_ARC = YES;
				CLANG_ENABLE_OBJC_WEAK = YES;
				CLANG_WARN_BLOCK_CAPTURE_AUTORELEASING = YES;
				CLANG_WARN_BOOL_CONVERSION = YES;
				CLANG_WARN_COMMA = YES;
				CLANG_WARN_CONSTANT_CONVERSION = YES;
				CLANG_WARN_DEPRECATED_OBJC_IMPLEMENTATIONS = YES;
				CLANG_WARN_DIRECT_OBJC_ISA_USAGE = YES_ERROR;
				CLANG_WARN_DOCUMENTATION_COMMENTS = YES;
				CLANG_WARN_EMPTY_BODY = YES;
				CLANG_WARN_ENUM_CONVERSION = YES;
				CLANG_WARN_INFINITE_RECURSION = YES;
				CLANG_WARN_INT_CONVERSION = YES;
				CLANG_WARN_NON_LITERAL_NULL_CONVERSION = YES;
				CLANG_WARN_OBJC_IMPLICIT_RETAIN_SELF = YES;
				CLANG_WARN_OBJC_LITERAL_CONVERSION = YES;
				CLANG_WARN_OBJC_ROOT_CLASS = YES_ERROR;
				CLANG_WARN_QUOTED_INCLUDE_IN_FRAMEWORK_HEADER = YES;
				CLANG_WARN_RANGE_LOOP_ANALYSIS = YES;
				CLANG_WARN_STRICT_PROTOTYPES = YES;
				CLANG_WARN_SUSPICIOUS_MOVE = YES;
				CLANG_WARN_UNGUARDED_AVAILABILITY = YES_AGGRESSIVE;
				CLANG_WARN_UNREACHABLE_CODE = YES;
				CLANG_WARN__DUPLICATE_METHOD_MATCH = YES;
				COPY_PHASE_STRIP = NO;
				DEBUG_INFORMATION_FORMAT = "dwarf-with-dsym";
				ENABLE_NS_ASSERTIONS = NO;
				ENABLE_STRICT_OBJC_MSGSEND = YES;
				GCC_C_LANGUAGE_STANDARD = gnu11;
				GCC_NO_COMMON_BLOCKS = YES;
				GCC_WARN_64_TO_32_BIT_CONVERSION = YES;
				GCC_WARN_ABOUT_RETURN_TYPE = YES_ERROR;
				GCC_WARN_UNDECLARED_SELECTOR = YES;
				GCC_WARN_UNINITIALIZED_AUTOS = YES_AGGRESSIVE;
				GCC_WARN_UNUSED_FUNCTION = YES;
				GCC_WARN_UNUSED_VARIABLE = YES;
				IPHONEOS_DEPLOYMENT_TARGET = 15.0;
				MTL_ENABLE_DEBUG_INFO = NO;
				MTL_FAST_MATH = YES;
				SDKROOT = iphoneos;
				SWIFT_COMPILATION_MODE = wholemodule;
				SWIFT_OPTIMIZATION_LEVEL = "-O";
				VALIDATE_PRODUCT = YES;
			};
			name = Release;
		};
		3CAFEF9027D9E001006E74E9 /* Debug */ = {
			isa = XCBuildConfiguration;
			buildSettings = {
				ASSETCATALOG_COMPILER_APPICON_NAME = AppIcon;
				ASSETCATALOG_COMPILER_GLOBAL_ACCENT_COLOR_NAME = AccentColor;
				CODE_SIGN_STYLE = Automatic;
				CURRENT_PROJECT_VERSION = 1;
				DEVELOPMENT_TEAM = 435AM725KY;
				GENERATE_INFOPLIST_FILE = YES;
				INFOPLIST_FILE = DependencyInjectionDemo/Resources/Info.plist;
				INFOPLIST_KEY_UIApplicationSupportsIndirectInputEvents = YES;
				INFOPLIST_KEY_UILaunchStoryboardName = LaunchScreen;
				INFOPLIST_KEY_UISupportedInterfaceOrientations_iPad = "UIInterfaceOrientationPortrait UIInterfaceOrientationPortraitUpsideDown UIInterfaceOrientationLandscapeLeft UIInterfaceOrientationLandscapeRight";
				INFOPLIST_KEY_UISupportedInterfaceOrientations_iPhone = "UIInterfaceOrientationPortrait UIInterfaceOrientationLandscapeLeft UIInterfaceOrientationLandscapeRight";
				LD_RUNPATH_SEARCH_PATHS = (
					"$(inherited)",
					"@executable_path/Frameworks",
				);
				MARKETING_VERSION = 1.0;
				PRODUCT_BUNDLE_IDENTIFIER = com.bingkuo.DependencyInjectionDemo;
				PRODUCT_NAME = "$(TARGET_NAME)";
				SWIFT_EMIT_LOC_STRINGS = YES;
				SWIFT_VERSION = 5.0;
				TARGETED_DEVICE_FAMILY = "1,2";
			};
			name = Debug;
		};
		3CAFEF9127D9E001006E74E9 /* Release */ = {
			isa = XCBuildConfiguration;
			buildSettings = {
				ASSETCATALOG_COMPILER_APPICON_NAME = AppIcon;
				ASSETCATALOG_COMPILER_GLOBAL_ACCENT_COLOR_NAME = AccentColor;
				CODE_SIGN_STYLE = Automatic;
				CURRENT_PROJECT_VERSION = 1;
				DEVELOPMENT_TEAM = 435AM725KY;
				GENERATE_INFOPLIST_FILE = YES;
				INFOPLIST_FILE = DependencyInjectionDemo/Resources/Info.plist;
				INFOPLIST_KEY_UIApplicationSupportsIndirectInputEvents = YES;
				INFOPLIST_KEY_UILaunchStoryboardName = LaunchScreen;
				INFOPLIST_KEY_UISupportedInterfaceOrientations_iPad = "UIInterfaceOrientationPortrait UIInterfaceOrientationPortraitUpsideDown UIInterfaceOrientationLandscapeLeft UIInterfaceOrientationLandscapeRight";
				INFOPLIST_KEY_UISupportedInterfaceOrientations_iPhone = "UIInterfaceOrientationPortrait UIInterfaceOrientationLandscapeLeft UIInterfaceOrientationLandscapeRight";
				LD_RUNPATH_SEARCH_PATHS = (
					"$(inherited)",
					"@executable_path/Frameworks",
				);
				MARKETING_VERSION = 1.0;
				PRODUCT_BUNDLE_IDENTIFIER = com.bingkuo.DependencyInjectionDemo;
				PRODUCT_NAME = "$(TARGET_NAME)";
				SWIFT_EMIT_LOC_STRINGS = YES;
				SWIFT_VERSION = 5.0;
				TARGETED_DEVICE_FAMILY = "1,2";
			};
			name = Release;
		};
		3CAFEF9327D9E001006E74E9 /* Debug */ = {
			isa = XCBuildConfiguration;
			buildSettings = {
				ALWAYS_EMBED_SWIFT_STANDARD_LIBRARIES = YES;
				BUNDLE_LOADER = "$(TEST_HOST)";
				CODE_SIGN_STYLE = Automatic;
				CURRENT_PROJECT_VERSION = 1;
				DEVELOPMENT_TEAM = 435AM725KY;
				GENERATE_INFOPLIST_FILE = YES;
				IPHONEOS_DEPLOYMENT_TARGET = 15.0;
				LD_RUNPATH_SEARCH_PATHS = (
					"$(inherited)",
					"@executable_path/Frameworks",
					"@loader_path/Frameworks",
				);
				MARKETING_VERSION = 1.0;
				PRODUCT_BUNDLE_IDENTIFIER = com.bingkuo.DependencyInjectionDemoTests;
				PRODUCT_NAME = "$(TARGET_NAME)";
				SWIFT_EMIT_LOC_STRINGS = NO;
				SWIFT_VERSION = 5.0;
				TARGETED_DEVICE_FAMILY = "1,2";
				TEST_HOST = "$(BUILT_PRODUCTS_DIR)/DependencyInjectionDemo.app/DependencyInjectionDemo";
			};
			name = Debug;
		};
		3CAFEF9427D9E001006E74E9 /* Release */ = {
			isa = XCBuildConfiguration;
			buildSettings = {
				ALWAYS_EMBED_SWIFT_STANDARD_LIBRARIES = YES;
				BUNDLE_LOADER = "$(TEST_HOST)";
				CODE_SIGN_STYLE = Automatic;
				CURRENT_PROJECT_VERSION = 1;
				DEVELOPMENT_TEAM = 435AM725KY;
				GENERATE_INFOPLIST_FILE = YES;
				IPHONEOS_DEPLOYMENT_TARGET = 15.0;
				LD_RUNPATH_SEARCH_PATHS = (
					"$(inherited)",
					"@executable_path/Frameworks",
					"@loader_path/Frameworks",
				);
				MARKETING_VERSION = 1.0;
				PRODUCT_BUNDLE_IDENTIFIER = com.bingkuo.DependencyInjectionDemoTests;
				PRODUCT_NAME = "$(TARGET_NAME)";
				SWIFT_EMIT_LOC_STRINGS = NO;
				SWIFT_VERSION = 5.0;
				TARGETED_DEVICE_FAMILY = "1,2";
				TEST_HOST = "$(BUILT_PRODUCTS_DIR)/DependencyInjectionDemo.app/DependencyInjectionDemo";
			};
			name = Release;
		};
		3CAFEF9627D9E001006E74E9 /* Debug */ = {
			isa = XCBuildConfiguration;
			buildSettings = {
				ALWAYS_EMBED_SWIFT_STANDARD_LIBRARIES = YES;
				CODE_SIGN_STYLE = Automatic;
				CURRENT_PROJECT_VERSION = 1;
				DEVELOPMENT_TEAM = 435AM725KY;
				GENERATE_INFOPLIST_FILE = YES;
				LD_RUNPATH_SEARCH_PATHS = (
					"$(inherited)",
					"@executable_path/Frameworks",
					"@loader_path/Frameworks",
				);
				MARKETING_VERSION = 1.0;
				PRODUCT_BUNDLE_IDENTIFIER = com.bingkuo.DependencyInjectionDemoUITests;
				PRODUCT_NAME = "$(TARGET_NAME)";
				SWIFT_EMIT_LOC_STRINGS = NO;
				SWIFT_VERSION = 5.0;
				TARGETED_DEVICE_FAMILY = "1,2";
				TEST_TARGET_NAME = DependencyInjectionDemo;
			};
			name = Debug;
		};
		3CAFEF9727D9E001006E74E9 /* Release */ = {
			isa = XCBuildConfiguration;
			buildSettings = {
				ALWAYS_EMBED_SWIFT_STANDARD_LIBRARIES = YES;
				CODE_SIGN_STYLE = Automatic;
				CURRENT_PROJECT_VERSION = 1;
				DEVELOPMENT_TEAM = 435AM725KY;
				GENERATE_INFOPLIST_FILE = YES;
				LD_RUNPATH_SEARCH_PATHS = (
					"$(inherited)",
					"@executable_path/Frameworks",
					"@loader_path/Frameworks",
				);
				MARKETING_VERSION = 1.0;
				PRODUCT_BUNDLE_IDENTIFIER = com.bingkuo.DependencyInjectionDemoUITests;
				PRODUCT_NAME = "$(TARGET_NAME)";
				SWIFT_EMIT_LOC_STRINGS = NO;
				SWIFT_VERSION = 5.0;
				TARGETED_DEVICE_FAMILY = "1,2";
				TEST_TARGET_NAME = DependencyInjectionDemo;
			};
			name = Release;
		};
/* End XCBuildConfiguration section */

/* Begin XCConfigurationList section */
		3CAFEF6027D9E000006E74E9 /* Build configuration list for PBXProject "DependencyInjectionDemo" */ = {
			isa = XCConfigurationList;
			buildConfigurations = (
				3CAFEF8D27D9E001006E74E9 /* Debug */,
				3CAFEF8E27D9E001006E74E9 /* Release */,
			);
			defaultConfigurationIsVisible = 0;
			defaultConfigurationName = Release;
		};
		3CAFEF8F27D9E001006E74E9 /* Build configuration list for PBXNativeTarget "DependencyInjectionDemo" */ = {
			isa = XCConfigurationList;
			buildConfigurations = (
				3CAFEF9027D9E001006E74E9 /* Debug */,
				3CAFEF9127D9E001006E74E9 /* Release */,
			);
			defaultConfigurationIsVisible = 0;
			defaultConfigurationName = Release;
		};
		3CAFEF9227D9E001006E74E9 /* Build configuration list for PBXNativeTarget "DependencyInjectionDemoTests" */ = {
			isa = XCConfigurationList;
			buildConfigurations = (
				3CAFEF9327D9E001006E74E9 /* Debug */,
				3CAFEF9427D9E001006E74E9 /* Release */,
			);
			defaultConfigurationIsVisible = 0;
			defaultConfigurationName = Release;
		};
		3CAFEF9527D9E001006E74E9 /* Build configuration list for PBXNativeTarget "DependencyInjectionDemoUITests" */ = {
			isa = XCConfigurationList;
			buildConfigurations = (
				3CAFEF9627D9E001006E74E9 /* Debug */,
				3CAFEF9727D9E001006E74E9 /* Release */,
			);
			defaultConfigurationIsVisible = 0;
			defaultConfigurationName = Release;
		};
/* End XCConfigurationList section */
	};
	rootObject = 3CAFEF5D27D9E000006E74E9 /* Project object */;
}
